
Microsoft Visual Studio Solution File, Format Version 12.00
# Visual Studio Version 16
VisualStudioVersion = 16.0.30621.155
MinimumVisualStudioVersion = 10.0.40219.1
Project("{FAE04EC0-301F-11D3-BF4B-00C04F79EFBC}") = "quizapp", "quizapp\quizapp.csproj", "{5070911C-A9DA-44D7-BC6B-3559806CDBDA}"
EndProject
Global
	GlobalSection(SolutionConfigurationPlatforms) = preSolution
		Debug|Any CPU = Debug|Any CPU
		Release|Any CPU = Release|Any CPU
	EndGlobalSection
	GlobalSection(ProjectConfigurationPlatforms) = postSolution
		{5070911C-A9DA-44D7-BC6B-3559806CDBDA}.Debug|Any CPU.ActiveCfg = Debug|Any CPU
		{5070911C-A9DA-44D7-BC6B-3559806CDBDA}.Debug|Any CPU.Build.0 = Debug|Any CPU
		{5070911C-A9DA-44D7-BC6B-3559806CDBDA}.Release|Any CPU.ActiveCfg = Release|Any CPU
		{5070911C-A9DA-44D7-BC6B-3559806CDBDA}.Release|Any CPU.Build.0 = Release|Any CPU
	EndGlobalSection
	GlobalSection(SolutionProperties) = preSolution
		HideSolutionNode = FALSE
	EndGlobalSection
	GlobalSection(ExtensibilityGlobals) = postSolution
		SolutionGuid = {33F86EB8-CC0C-432A-848A-D0A9C7DD8CEA}
	EndGlobalSection
EndGlobal
